{
  "name": "classroom-tracker",
  "lockfileVersion": 3,
  "requires": true,
  "packages": {
    "": {
      "dependencies": {
        "@dicebear/core": "^10.3.0"
      }
    },
    "node_modules/@dicebear/core": {
      "version": "10.3.0",
      "resolved": "https://registry.npmjs.org/@dicebear/core/-/core-10.3.0.tgz",
      "integrity": "sha512-HbzHvYY/E0m3B7BfBjs8SO7JyqJnORJgQhM2YM7VoN/EQzrqJ3Z0j4+op+WfEWXWzZj75tQqBU5SZpUssi5m/Q==",
      "license": "MIT",
      "engines": {
        "node": ">=22.0.0"
      }
    }
  }
}
